{
  "name": "roksped",
  "lockfileVersion": 3,
  "requires": true,
  "packages": {
    "": {
      "dependencies": {
        "@preline/carousel": "^2.5.0"
      }
    },
    "node_modules/@preline/carousel": {
      "version": "2.5.0",
      "resolved": "https://registry.npmjs.org/@preline/carousel/-/carousel-2.5.0.tgz",
      "integrity": "sha512-sRsoS8A6binMAxgB22sKUeSNCvWkXADGA8Qpb/qRSWna6c2ILT5QTLxyqbnoUBxYRR4e6DuUJc0hQ0LtF3pi+Q==",
      "license": "Licensed under MIT and Preline UI Fair Use License"
    }
  }
}
